PODS:
  - IGListKit (2.1.0):
    - IGListKit/Default (= 2.1.0)
  - IGListKit/Default (2.1.0):
    - IGListKit/Diffing
  - IGListKit/Diffing (2.1.0)
  - Yoga (1.0.2)
  - YogaKit (1.0.3):
    - Yoga (~> 1.0)

DEPENDENCIES:
  - IGListKit (~> 2.1.0)
  - YogaKit (from `../../YogaKit.podspec`)

EXTERNAL SOURCES:
  YogaKit:
    :path: ../../YogaKit.podspec

SPEC CHECKSUMS:
  IGListKit: b826c68ef7a4ae1626c09d4d3e1ea7a169e6c36e
  Yoga: ef42f88b9bcbd7daf7267c0f19d8636ce3a50618
  YogaKit: 6d9826a015c029b13731a33bf96fe6c1e33748a6

PODFILE CHECKSUM: 216f8e7127767709e0e43f3711208d238fa5c404

COCOAPODS: 1.2.0
